# THIS IS AN AUTOGENERATED FILE. DO NOT EDIT THIS FILE DIRECTLY.
# yarn lockfile v1


fs-readfile-promise@^3.0.1:
  version "3.0.1"
  resolved "https://registry.npm.taobao.org/fs-readfile-promise/download/fs-readfile-promise-3.0.1.tgz#d0d307b7f6aedfc920c31fa6e5712efaa297c958"
  integrity sha1-0NMHt/au38kgwx+m5XEu+qKXyVg=
  dependencies:
    graceful-fs "^4.1.11"

graceful-fs@^4.1.11:
  version "4.1.15"
  resolved "https://registry.npm.taobao.org/graceful-fs/download/graceful-fs-4.1.15.tgz#ffb703e1066e8a0eeaa4c8b80ba9253eeefbfb00"
  integrity sha1-/7cD4QZuig7qpMi4C6klPu77+wA=
